
Microsoft Visual Studio Solution File, Format Version 12.00
# Visual Studio Version 17
VisualStudioVersion = 17.11.35312.102
MinimumVisualStudioVersion = 10.0.40219.1
Project("{FAE04EC0-301F-11D3-BF4B-00C04F79EFBC}") = "SeafoodMonitoringApp", "SeafoodMonitoringApp\SeafoodMonitoringApp.csproj", "{4336A7CB-A79D-4253-8262-7953F7C04B83}"
EndProject
Global
	GlobalSection(SolutionConfigurationPlatforms) = preSolution
		Debug|Any CPU = Debug|Any CPU
		Release|Any CPU = Release|Any CPU
	EndGlobalSection
	GlobalSection(ProjectConfigurationPlatforms) = postSolution
		{4336A7CB-A79D-4253-8262-7953F7C04B83}.Debug|Any CPU.ActiveCfg = Debug|Any CPU
		{4336A7CB-A79D-4253-8262-7953F7C04B83}.Debug|Any CPU.Build.0 = Debug|Any CPU
		{4336A7CB-A79D-4253-8262-7953F7C04B83}.Release|Any CPU.ActiveCfg = Release|Any CPU
		{4336A7CB-A79D-4253-8262-7953F7C04B83}.Release|Any CPU.Build.0 = Release|Any CPU
	EndGlobalSection
	GlobalSection(SolutionProperties) = preSolution
		HideSolutionNode = FALSE
	EndGlobalSection
	GlobalSection(ExtensibilityGlobals) = postSolution
		SolutionGuid = {EBF7FCBE-E6E1-4E9B-9351-2D81642A3EA2}
	EndGlobalSection
EndGlobal
